
Microsoft Visual Studio Solution File, Format Version 12.00
# Visual Studio 14
VisualStudioVersion = 14.0.25123.0
MinimumVisualStudioVersion = 10.0.40219.1
Project("{FAE04EC0-301F-11D3-BF4B-00C04F79EFBC}") = "OWIN Self Host with dependency", "OWIN Self Host with dependency\OWIN Self Host with dependency.csproj", "{8A26B318-33E3-4E07-BD15-1966BA08CE61}"
EndProject
Project("{FAE04EC0-301F-11D3-BF4B-00C04F79EFBC}") = "API", "API\API.csproj", "{329438DE-DFEA-4ECE-899A-C7C6DC8C975E}"
EndProject
Project("{FAE04EC0-301F-11D3-BF4B-00C04F79EFBC}") = "OWIN Self Host with assemblies resolver", "OWIN Self Host with assemblies resolver\OWIN Self Host with assemblies resolver.csproj", "{AFD84A4E-BF10-4B3D-820C-437C24889E1E}"
EndProject
Project("{FAE04EC0-301F-11D3-BF4B-00C04F79EFBC}") = "ASP.NET Web Application", "ASP.NET Web Application\ASP.NET Web Application.csproj", "{1D7B5D45-F4A6-487F-9C94-B30135ECE576}"
EndProject
Global
	GlobalSection(SolutionConfigurationPlatforms) = preSolution
		Debug|Any CPU = Debug|Any CPU
		Release|Any CPU = Release|Any CPU
	EndGlobalSection
	GlobalSection(ProjectConfigurationPlatforms) = postSolution
		{8A26B318-33E3-4E07-BD15-1966BA08CE61}.Debug|Any CPU.ActiveCfg = Debug|Any CPU
		{8A26B318-33E3-4E07-BD15-1966BA08CE61}.Debug|Any CPU.Build.0 = Debug|Any CPU
		{8A26B318-33E3-4E07-BD15-1966BA08CE61}.Release|Any CPU.ActiveCfg = Release|Any CPU
		{8A26B318-33E3-4E07-BD15-1966BA08CE61}.Release|Any CPU.Build.0 = Release|Any CPU
		{329438DE-DFEA-4ECE-899A-C7C6DC8C975E}.Debug|Any CPU.ActiveCfg = Debug|Any CPU
		{329438DE-DFEA-4ECE-899A-C7C6DC8C975E}.Debug|Any CPU.Build.0 = Debug|Any CPU
		{329438DE-DFEA-4ECE-899A-C7C6DC8C975E}.Release|Any CPU.ActiveCfg = Release|Any CPU
		{329438DE-DFEA-4ECE-899A-C7C6DC8C975E}.Release|Any CPU.Build.0 = Release|Any CPU
		{AFD84A4E-BF10-4B3D-820C-437C24889E1E}.Debug|Any CPU.ActiveCfg = Debug|Any CPU
		{AFD84A4E-BF10-4B3D-820C-437C24889E1E}.Debug|Any CPU.Build.0 = Debug|Any CPU
		{AFD84A4E-BF10-4B3D-820C-437C24889E1E}.Release|Any CPU.ActiveCfg = Release|Any CPU
		{AFD84A4E-BF10-4B3D-820C-437C24889E1E}.Release|Any CPU.Build.0 = Release|Any CPU
		{1D7B5D45-F4A6-487F-9C94-B30135ECE576}.Debug|Any CPU.ActiveCfg = Debug|Any CPU
		{1D7B5D45-F4A6-487F-9C94-B30135ECE576}.Debug|Any CPU.Build.0 = Debug|Any CPU
		{1D7B5D45-F4A6-487F-9C94-B30135ECE576}.Release|Any CPU.ActiveCfg = Release|Any CPU
		{1D7B5D45-F4A6-487F-9C94-B30135ECE576}.Release|Any CPU.Build.0 = Release|Any CPU
	EndGlobalSection
	GlobalSection(SolutionProperties) = preSolution
		HideSolutionNode = FALSE
	EndGlobalSection
EndGlobal
